PODS:
  - Alamofire (3.4.1)
  - FBSnapshotTestCase (2.1.2):
    - FBSnapshotTestCase/SwiftSupport (= 2.1.2)
  - FBSnapshotTestCase/Core (2.1.2)
  - FBSnapshotTestCase/SwiftSupport (2.1.2):
    - FBSnapshotTestCase/Core
  - HTTPStatusCodes (3.0.0)
  - Lipstick (0.3.0):
    - SwiftKitStaging
  - Nimble (3.2.0)
  - Nimble-Snapshots (4.1.0):
    - FBSnapshotTestCase (~> 2.0)
    - Nimble
    - Quick
  - ProjectBase (0.1.0):
    - HTTPStatusCodes
    - Lipstick
    - RxCocoa
    - RxDataSources
    - RxOptional
    - RxSwift
    - SnapKit
    - SwiftKit (= 0.9.0)
    - TZStackView
  - Quick (0.9.2)
  - RxCocoa (2.6.0):
    - RxSwift (~> 2.5)
  - RxDataSources (0.9):
    - RxCocoa (~> 2.2)
    - RxSwift (~> 2.2)
  - RxOptional (2.0.0):
    - RxCocoa (~> 2.0)
    - RxSwift (~> 2.0)
  - RxSwift (2.6.0)
  - SnapKit (0.21.1)
  - SwiftKit (0.9.0):
    - SwiftKit/Events (= 0.9.0)
    - SwiftKit/Injection (= 0.9.0)
    - SwiftKit/Preferences (= 0.9.0)
    - SwiftKit/Router (= 0.9.0)
    - SwiftKit/ViewComposer (= 0.9.0)
  - SwiftKit/Events (0.9.0):
    - SwiftKitStaging
  - SwiftKit/Injection (0.9.0):
    - SwiftKitStaging
  - SwiftKit/ObjectMapper (0.9.0):
    - SwiftKitStaging
    - SwiftyJSON
  - SwiftKit/Preferences (0.9.0):
    - SwiftKit/Events
    - SwiftKitStaging
  - SwiftKit/Router (0.9.0):
    - Alamofire (~> 3.0)
    - HTTPStatusCodes
    - SwiftKit/ObjectMapper
    - SwiftKitStaging
    - SwiftyJSON
  - SwiftKit/ViewComposer (0.9.0):
    - SwiftKit/Events
    - SwiftKitStaging
  - SwiftKitStaging (0.1.2)
  - SwiftyJSON (2.3.2)
  - TZStackView (1.2.0)

DEPENDENCIES:
  - FBSnapshotTestCase
  - Nimble (~> 3.0)
  - Nimble-Snapshots
  - ProjectBase (from `../`)
  - Quick (~> 0.8)

EXTERNAL SOURCES:
  ProjectBase:
    :path: ../

SPEC CHECKSUMS:
  Alamofire: 01a82e2f6c0f860ade35534c8dd88be61bdef40c
  FBSnapshotTestCase: 918c55861356ee83aee7843d759f55a18ff6982b
  HTTPStatusCodes: 1e9e52c98b13646d255af4b495d934471b4a80d4
  Lipstick: 86fdf79d3406f69dbf02a185b0a6a2e2f0791974
  Nimble: 703854335d181df169bbca9c97117b5cf8c47c1d
  Nimble-Snapshots: 2da4d2ec829b458d6886c06812c52493fce284c9
  ProjectBase: 42d4e37ba72061b181024a874ce3b43610adbdb7
  Quick: 18d057bc66451eedd5d1c8dc99ba2a5db6e60226
  RxCocoa: 89ab00d5753502520227940e3a0e0a0413683c6b
  RxDataSources: e169bba94a7be584df7c1e1487fa56edc8753ae6
  RxOptional: b77fb47a0190213cf8a37c7a2b7fda28160b4563
  RxSwift: 77f3a0b15324baa7a1c9bfa9f199648a82424e26
  SnapKit: bbad04cb016c7cead63965f16b00c09318d271ee
  SwiftKit: 2566a443197d54e09113ffed25f544a253e2ff77
  SwiftKitStaging: c6426fc38163d3e66e1dedc3783e94c2d303610c
  SwiftyJSON: 04ccea08915aa0109039157c7974cf0298da292a
  TZStackView: 4b82373b4aabe4d99adf739a34e1bc6755149272

PODFILE CHECKSUM: 577bdf2399974452a132bb9c29f2941d557848da

COCOAPODS: 1.0.1
