PODS:
  - Alamofire (3.4.2)
  - HTTPStatusCodes (3.0.0)
  - Lipstick (0.3.1):
    - SwiftKitStaging
  - Nimble (3.2.0)
  - Quick (0.9.3)
  - Reactant (0.1.14):
    - HTTPStatusCodes
    - Lipstick
    - RxCocoa
    - RxDataSources
    - RxOptional
    - RxSwift
    - SnapKit
    - SwiftKit (= 0.9.0)
    - TZStackView
  - RxCocoa (2.6.0):
    - RxSwift (~> 2.5)
  - RxDataSources (0.9):
    - RxCocoa (~> 2.2)
    - RxSwift (~> 2.2)
  - RxOptional (2.0.0):
    - RxCocoa (~> 2.0)
    - RxSwift (~> 2.0)
  - RxSwift (2.6.0)
  - SnapKit (0.22.0)
  - SwiftKit (0.9.0):
    - SwiftKit/Events (= 0.9.0)
    - SwiftKit/Injection (= 0.9.0)
    - SwiftKit/Preferences (= 0.9.0)
    - SwiftKit/Router (= 0.9.0)
    - SwiftKit/ViewComposer (= 0.9.0)
  - SwiftKit/Events (0.9.0):
    - SwiftKitStaging
  - SwiftKit/Injection (0.9.0):
    - SwiftKitStaging
  - SwiftKit/ObjectMapper (0.9.0):
    - SwiftKitStaging
    - SwiftyJSON
  - SwiftKit/Preferences (0.9.0):
    - SwiftKit/Events
    - SwiftKitStaging
  - SwiftKit/Router (0.9.0):
    - Alamofire (~> 3.0)
    - HTTPStatusCodes
    - SwiftKit/ObjectMapper
    - SwiftKitStaging
    - SwiftyJSON
  - SwiftKit/ViewComposer (0.9.0):
    - SwiftKit/Events
    - SwiftKitStaging
  - SwiftKitStaging (0.1.2)
  - SwiftyJSON (2.3.2)
  - TZStackView (1.2.0)

DEPENDENCIES:
  - Nimble (~> 3.0)
  - Quick (~> 0.8)
  - Reactant (from `./`)

EXTERNAL SOURCES:
  Reactant:
    :path: "./"

SPEC CHECKSUMS:
  Alamofire: 6aa33201d20d069e1598891cf928883ff1888c7a
  HTTPStatusCodes: 1e9e52c98b13646d255af4b495d934471b4a80d4
  Lipstick: 12d5e79b75fdde5075b7c0b30a6390d5236c6214
  Nimble: 703854335d181df169bbca9c97117b5cf8c47c1d
  Quick: 13a2a2b19a5d8e3ed4fd0c36ee46597fd77ebf71
  Reactant: 62db7e2e5a04f02f827316f3fb0d9e96465bbe7a
  RxCocoa: 89ab00d5753502520227940e3a0e0a0413683c6b
  RxDataSources: e169bba94a7be584df7c1e1487fa56edc8753ae6
  RxOptional: b77fb47a0190213cf8a37c7a2b7fda28160b4563
  RxSwift: 77f3a0b15324baa7a1c9bfa9f199648a82424e26
  SnapKit: 0dd2fd157330f1ea11fd84da13e6be8a7a22bae0
  SwiftKit: 2566a443197d54e09113ffed25f544a253e2ff77
  SwiftKitStaging: c6426fc38163d3e66e1dedc3783e94c2d303610c
  SwiftyJSON: 04ccea08915aa0109039157c7974cf0298da292a
  TZStackView: 4b82373b4aabe4d99adf739a34e1bc6755149272

PODFILE CHECKSUM: c9eec2c0a58918cdad9e62a5da89a6f4da797d7c

COCOAPODS: 1.0.1
