PODS:
  - Kingfisher (3.0.1)
  - Nimble (5.1.1)
  - Quick (1.0.0)
  - Result (3.0.0)
  - RxCocoa (3.0.1):
    - RxSwift (~> 3.0)
  - RxDataSources (1.0.0):
    - RxCocoa (~> 3.0)
    - RxSwift (~> 3.0)
  - RxOptional (3.1.3):
    - RxCocoa
    - RxSwift
  - RxSwift (3.0.1)
  - SnapKit (3.0.2)

DEPENDENCIES:
  - Kingfisher (~> 3.0)
  - Nimble (~> 5.0)
  - Quick (~> 1.0)
  - Result (~> 3.0)
  - RxCocoa (~> 3.0)
  - RxDataSources (~> 1.0)
  - RxOptional (~> 3.0)
  - RxSwift (~> 3.0)
  - SnapKit (~> 3.0)

SPEC CHECKSUMS:
  Kingfisher: d5a491b45ea453d90a31bd2c0831d5243e73a73f
  Nimble: 415e3aa3267e7bc2c96b05fa814ddea7bb686a29
  Quick: 8024e4a47e6cc03a9d5245ef0948264fc6d27cff
  Result: 1b3e431f37cbcd3ad89c6aa9ab0ae55515fae3b6
  RxCocoa: 15a52fc590dcc700cb4a690a633b5c5184ce3a78
  RxDataSources: 824693e84d00781d0a5e5cedc1ff95ce9250aacd
  RxOptional: b97b59183af80d1e729ac9e51d09a10be668d6a8
  RxSwift: af5680055c4ad04480189c52d28385b1029493a6
  SnapKit: 2e456761aa92d4d4067a7a5594c18769d451a8ad

PODFILE CHECKSUM: 26e5fd54e4da93bf9440f7a7ee78bbd4341fa03c

COCOAPODS: 1.2.0
