// !$*UTF8*$!
{
	archiveVersion = 1;
	classes = {
	};
	objectVersion = 46;
	objects = {

/* Begin PBXBuildFile section */
		04168232D53A3C6EC65FE3C3 /* Pods_Reactant.framework in Frameworks */ = {isa = PBXBuildFile; fileRef = 50895ED3801A06D4D45EE033 /* Pods_Reactant.framework */; };
		1841DC671DA682D500862527 /* UIBarButtonItem+ClosureAction.swift in Sources */ = {isa = PBXBuildFile; fileRef = 1841DC661DA682D500862527 /* UIBarButtonItem+ClosureAction.swift */; };
		185121511D834D1F002C4B08 /* Reactant.framework in Frameworks */ = {isa = PBXBuildFile; fileRef = 185121471D834D1E002C4B08 /* Reactant.framework */; };
		1851215E1D834DD2002C4B08 /* Tests.swift in Sources */ = {isa = PBXBuildFile; fileRef = 607FACEB1AFB9204008FA782 /* Tests.swift */; };
		18650B821D83645900B1B2A0 /* Validation.swift in Sources */ = {isa = PBXBuildFile; fileRef = 18650B811D83645900B1B2A0 /* Validation.swift */; };
		18650B841D8364AE00B1B2A0 /* ActivityIndicator.swift in Sources */ = {isa = PBXBuildFile; fileRef = 18650B831D8364AE00B1B2A0 /* ActivityIndicator.swift */; };
		18650B851D8364D800B1B2A0 /* Identifiers.swift in Sources */ = {isa = PBXBuildFile; fileRef = 1851210A1D834C5D002C4B08 /* Identifiers.swift */; };
		18650B861D8364D800B1B2A0 /* RxTableViewCell.swift in Sources */ = {isa = PBXBuildFile; fileRef = 1851210B1D834C5D002C4B08 /* RxTableViewCell.swift */; };
		18650B871D8364D800B1B2A0 /* RxTableViewHeaderFooterView.swift in Sources */ = {isa = PBXBuildFile; fileRef = 1851210C1D834C5D002C4B08 /* RxTableViewHeaderFooterView.swift */; };
		18650B881D8364D800B1B2A0 /* SectionedTableView.swift in Sources */ = {isa = PBXBuildFile; fileRef = 1851210D1D834C5D002C4B08 /* SectionedTableView.swift */; };
		18650B891D8364D800B1B2A0 /* SimpleTableView.swift in Sources */ = {isa = PBXBuildFile; fileRef = 1851210E1D834C5D002C4B08 /* SimpleTableView.swift */; };
		18650B8A1D8364D800B1B2A0 /* SimulatedSeparatorTableView.swift in Sources */ = {isa = PBXBuildFile; fileRef = 1851210F1D834C5D002C4B08 /* SimulatedSeparatorTableView.swift */; };
		18650B8B1D8364D800B1B2A0 /* TableViewState.swift in Sources */ = {isa = PBXBuildFile; fileRef = 185121101D834C5D002C4B08 /* TableViewState.swift */; };
		18650B8C1D8364D800B1B2A0 /* ViewBase.swift in Sources */ = {isa = PBXBuildFile; fileRef = 185121111D834C5D002C4B08 /* ViewBase.swift */; };
		18650B8D1D8364D800B1B2A0 /* ViewEventReceiver.swift in Sources */ = {isa = PBXBuildFile; fileRef = 185121121D834C5D002C4B08 /* ViewEventReceiver.swift */; };
		18650B8E1D8364DC00B1B2A0 /* Result+Utils.swift in Sources */ = {isa = PBXBuildFile; fileRef = 185120FD1D834C5D002C4B08 /* Result+Utils.swift */; };
		18650B8F1D8364DC00B1B2A0 /* RxSwift+Operators.swift in Sources */ = {isa = PBXBuildFile; fileRef = 185120FE1D834C5D002C4B08 /* RxSwift+Operators.swift */; };
		18650B901D8364DC00B1B2A0 /* SequenceType+FirstWhere.swift in Sources */ = {isa = PBXBuildFile; fileRef = 185120FF1D834C5D002C4B08 /* SequenceType+FirstWhere.swift */; };
		18650B911D8364DC00B1B2A0 /* SequenceType+Transform.swift in Sources */ = {isa = PBXBuildFile; fileRef = 185121001D834C5D002C4B08 /* SequenceType+Transform.swift */; };
		18650B921D8364DC00B1B2A0 /* UIStackView+Util.swift in Sources */ = {isa = PBXBuildFile; fileRef = 185121011D834C5D002C4B08 /* UIStackView+Util.swift */; };
		18650B931D8364DC00B1B2A0 /* UIView+Util.swift in Sources */ = {isa = PBXBuildFile; fileRef = 185121021D834C5D002C4B08 /* UIView+Util.swift */; };
		18650B941D8364DC00B1B2A0 /* UIView+Visibility.swift in Sources */ = {isa = PBXBuildFile; fileRef = 185121031D834C5D002C4B08 /* UIView+Visibility.swift */; };
		18650B961D8364DC00B1B2A0 /* Navigator.swift in Sources */ = {isa = PBXBuildFile; fileRef = 185121051D834C5D002C4B08 /* Navigator.swift */; };
		18650B971D8364DC00B1B2A0 /* ReactantConfiguration.swift in Sources */ = {isa = PBXBuildFile; fileRef = 185121061D834C5D002C4B08 /* ReactantConfiguration.swift */; };
		18650B981D8364DC00B1B2A0 /* RxRouter.swift in Sources */ = {isa = PBXBuildFile; fileRef = 185121071D834C5D002C4B08 /* RxRouter.swift */; };
		18650B991D8364DC00B1B2A0 /* Scrollable.swift in Sources */ = {isa = PBXBuildFile; fileRef = 185121081D834C5D002C4B08 /* Scrollable.swift */; };
		18650B9A1D8364E000B1B2A0 /* Component.swift in Sources */ = {isa = PBXBuildFile; fileRef = 185120F91D834C5D002C4B08 /* Component.swift */; };
		18650B9B1D8364E000B1B2A0 /* ContainerView.swift in Sources */ = {isa = PBXBuildFile; fileRef = 185120FA1D834C5D002C4B08 /* ContainerView.swift */; };
		18650B9C1D8364E000B1B2A0 /* ControllerBase.swift in Sources */ = {isa = PBXBuildFile; fileRef = 185120FB1D834C5D002C4B08 /* ControllerBase.swift */; };
		18650B9D1D8364E500B1B2A0 /* RxCollectionReusableView.swift in Sources */ = {isa = PBXBuildFile; fileRef = 185120F61D834C5D002C4B08 /* RxCollectionReusableView.swift */; };
		18650B9E1D8364E500B1B2A0 /* RxCollectionViewCell.swift in Sources */ = {isa = PBXBuildFile; fileRef = 185120F71D834C5D002C4B08 /* RxCollectionViewCell.swift */; };
		18650B9F1D8364E500B1B2A0 /* SingleRowCollectionView.swift in Sources */ = {isa = PBXBuildFile; fileRef = 185120F81D834C5D002C4B08 /* SingleRowCollectionView.swift */; };
		18650BA01D8364E800B1B2A0 /* ButtonBase.swift in Sources */ = {isa = PBXBuildFile; fileRef = 185120F41D834C5D002C4B08 /* ButtonBase.swift */; };
		18650BA21D83665E00B1B2A0 /* Transformations.swift in Sources */ = {isa = PBXBuildFile; fileRef = 18650BA11D83665E00B1B2A0 /* Transformations.swift */; };
		18650BA41D8366EE00B1B2A0 /* ScrollControllerBase.swift in Sources */ = {isa = PBXBuildFile; fileRef = 18650BA31D8366EE00B1B2A0 /* ScrollControllerBase.swift */; };
		18650BA61D83671B00B1B2A0 /* StaticMap.swift in Sources */ = {isa = PBXBuildFile; fileRef = 18650BA51D83671B00B1B2A0 /* StaticMap.swift */; };
		18ABA1F81DACF00D001FF485 /* StateBox.swift in Sources */ = {isa = PBXBuildFile; fileRef = 18ABA1F71DACF00D001FF485 /* StateBox.swift */; };
		45444ED1E71FEFA1D6A84E08 /* Pods_ReactantTests.framework in Frameworks */ = {isa = PBXBuildFile; fileRef = 711603479E5441514316A7F3 /* Pods_ReactantTests.framework */; };
		DC1674861DB62B9D00231E72 /* ControllerRootView.swift in Sources */ = {isa = PBXBuildFile; fileRef = DC1674851DB62B9D00231E72 /* ControllerRootView.swift */; };
/* End PBXBuildFile section */

/* Begin PBXContainerItemProxy section */
		185121521D834D1F002C4B08 /* PBXContainerItemProxy */ = {
			isa = PBXContainerItemProxy;
			containerPortal = 607FACC81AFB9204008FA782 /* Project object */;
			proxyType = 1;
			remoteGlobalIDString = 185121461D834D1E002C4B08;
			remoteInfo = Reactant;
		};
/* End PBXContainerItemProxy section */

/* Begin PBXFileReference section */
		045F878B1A7F63F7AAD82596 /* Pods_ReactantExample.framework */ = {isa = PBXFileReference; explicitFileType = wrapper.framework; includeInIndex = 0; path = Pods_ReactantExample.framework; sourceTree = BUILT_PRODUCTS_DIR; };
		118FB89C32922066714D8F98 /* LICENSE */ = {isa = PBXFileReference; includeInIndex = 1; lastKnownFileType = text; path = LICENSE; sourceTree = "<group>"; };
		1841DC661DA682D500862527 /* UIBarButtonItem+ClosureAction.swift */ = {isa = PBXFileReference; fileEncoding = 4; lastKnownFileType = sourcecode.swift; path = "UIBarButtonItem+ClosureAction.swift"; sourceTree = "<group>"; };
		185120F41D834C5D002C4B08 /* ButtonBase.swift */ = {isa = PBXFileReference; fileEncoding = 4; lastKnownFileType = sourcecode.swift; path = ButtonBase.swift; sourceTree = "<group>"; };
		185120F61D834C5D002C4B08 /* RxCollectionReusableView.swift */ = {isa = PBXFileReference; fileEncoding = 4; lastKnownFileType = sourcecode.swift; path = RxCollectionReusableView.swift; sourceTree = "<group>"; };
		185120F71D834C5D002C4B08 /* RxCollectionViewCell.swift */ = {isa = PBXFileReference; fileEncoding = 4; lastKnownFileType = sourcecode.swift; path = RxCollectionViewCell.swift; sourceTree = "<group>"; };
		185120F81D834C5D002C4B08 /* SingleRowCollectionView.swift */ = {isa = PBXFileReference; fileEncoding = 4; lastKnownFileType = sourcecode.swift; path = SingleRowCollectionView.swift; sourceTree = "<group>"; };
		185120F91D834C5D002C4B08 /* Component.swift */ = {isa = PBXFileReference; fileEncoding = 4; lastKnownFileType = sourcecode.swift; path = Component.swift; sourceTree = "<group>"; };
		185120FA1D834C5D002C4B08 /* ContainerView.swift */ = {isa = PBXFileReference; fileEncoding = 4; lastKnownFileType = sourcecode.swift; path = ContainerView.swift; sourceTree = "<group>"; };
		185120FB1D834C5D002C4B08 /* ControllerBase.swift */ = {isa = PBXFileReference; fileEncoding = 4; lastKnownFileType = sourcecode.swift; path = ControllerBase.swift; sourceTree = "<group>"; };
		185120FD1D834C5D002C4B08 /* Result+Utils.swift */ = {isa = PBXFileReference; fileEncoding = 4; lastKnownFileType = sourcecode.swift; path = "Result+Utils.swift"; sourceTree = "<group>"; };
		185120FE1D834C5D002C4B08 /* RxSwift+Operators.swift */ = {isa = PBXFileReference; fileEncoding = 4; lastKnownFileType = sourcecode.swift; path = "RxSwift+Operators.swift"; sourceTree = "<group>"; };
		185120FF1D834C5D002C4B08 /* SequenceType+FirstWhere.swift */ = {isa = PBXFileReference; fileEncoding = 4; lastKnownFileType = sourcecode.swift; path = "SequenceType+FirstWhere.swift"; sourceTree = "<group>"; };
		185121001D834C5D002C4B08 /* SequenceType+Transform.swift */ = {isa = PBXFileReference; fileEncoding = 4; lastKnownFileType = sourcecode.swift; path = "SequenceType+Transform.swift"; sourceTree = "<group>"; };
		185121011D834C5D002C4B08 /* UIStackView+Util.swift */ = {isa = PBXFileReference; fileEncoding = 4; lastKnownFileType = sourcecode.swift; path = "UIStackView+Util.swift"; sourceTree = "<group>"; };
		185121021D834C5D002C4B08 /* UIView+Util.swift */ = {isa = PBXFileReference; fileEncoding = 4; lastKnownFileType = sourcecode.swift; path = "UIView+Util.swift"; sourceTree = "<group>"; };
		185121031D834C5D002C4B08 /* UIView+Visibility.swift */ = {isa = PBXFileReference; fileEncoding = 4; lastKnownFileType = sourcecode.swift; path = "UIView+Visibility.swift"; sourceTree = "<group>"; };
		185121051D834C5D002C4B08 /* Navigator.swift */ = {isa = PBXFileReference; fileEncoding = 4; lastKnownFileType = sourcecode.swift; path = Navigator.swift; sourceTree = "<group>"; };
		185121061D834C5D002C4B08 /* ReactantConfiguration.swift */ = {isa = PBXFileReference; fileEncoding = 4; lastKnownFileType = sourcecode.swift; path = ReactantConfiguration.swift; sourceTree = "<group>"; };
		185121071D834C5D002C4B08 /* RxRouter.swift */ = {isa = PBXFileReference; fileEncoding = 4; lastKnownFileType = sourcecode.swift; path = RxRouter.swift; sourceTree = "<group>"; };
		185121081D834C5D002C4B08 /* Scrollable.swift */ = {isa = PBXFileReference; fileEncoding = 4; lastKnownFileType = sourcecode.swift; path = Scrollable.swift; sourceTree = "<group>"; };
		1851210A1D834C5D002C4B08 /* Identifiers.swift */ = {isa = PBXFileReference; fileEncoding = 4; lastKnownFileType = sourcecode.swift; path = Identifiers.swift; sourceTree = "<group>"; };
		1851210B1D834C5D002C4B08 /* RxTableViewCell.swift */ = {isa = PBXFileReference; fileEncoding = 4; lastKnownFileType = sourcecode.swift; path = RxTableViewCell.swift; sourceTree = "<group>"; };
		1851210C1D834C5D002C4B08 /* RxTableViewHeaderFooterView.swift */ = {isa = PBXFileReference; fileEncoding = 4; lastKnownFileType = sourcecode.swift; path = RxTableViewHeaderFooterView.swift; sourceTree = "<group>"; };
		1851210D1D834C5D002C4B08 /* SectionedTableView.swift */ = {isa = PBXFileReference; fileEncoding = 4; lastKnownFileType = sourcecode.swift; path = SectionedTableView.swift; sourceTree = "<group>"; };
		1851210E1D834C5D002C4B08 /* SimpleTableView.swift */ = {isa = PBXFileReference; fileEncoding = 4; lastKnownFileType = sourcecode.swift; path = SimpleTableView.swift; sourceTree = "<group>"; };
		1851210F1D834C5D002C4B08 /* SimulatedSeparatorTableView.swift */ = {isa = PBXFileReference; fileEncoding = 4; lastKnownFileType = sourcecode.swift; path = SimulatedSeparatorTableView.swift; sourceTree = "<group>"; };
		185121101D834C5D002C4B08 /* TableViewState.swift */ = {isa = PBXFileReference; fileEncoding = 4; lastKnownFileType = sourcecode.swift; path = TableViewState.swift; sourceTree = "<group>"; };
		185121111D834C5D002C4B08 /* ViewBase.swift */ = {isa = PBXFileReference; fileEncoding = 4; lastKnownFileType = sourcecode.swift; path = ViewBase.swift; sourceTree = "<group>"; };
		185121121D834C5D002C4B08 /* ViewEventReceiver.swift */ = {isa = PBXFileReference; fileEncoding = 4; lastKnownFileType = sourcecode.swift; path = ViewEventReceiver.swift; sourceTree = "<group>"; };
		185121471D834D1E002C4B08 /* Reactant.framework */ = {isa = PBXFileReference; explicitFileType = wrapper.framework; includeInIndex = 0; path = Reactant.framework; sourceTree = BUILT_PRODUCTS_DIR; };
		1851214B1D834D1E002C4B08 /* Info.plist */ = {isa = PBXFileReference; lastKnownFileType = text.plist.xml; path = Info.plist; sourceTree = "<group>"; };
		185121501D834D1F002C4B08 /* ReactantTests.xctest */ = {isa = PBXFileReference; explicitFileType = wrapper.cfbundle; includeInIndex = 0; path = ReactantTests.xctest; sourceTree = BUILT_PRODUCTS_DIR; };
		185121571D834D1F002C4B08 /* Info.plist */ = {isa = PBXFileReference; lastKnownFileType = text.plist.xml; path = Info.plist; sourceTree = "<group>"; };
		18650B811D83645900B1B2A0 /* Validation.swift */ = {isa = PBXFileReference; fileEncoding = 4; lastKnownFileType = sourcecode.swift; path = Validation.swift; sourceTree = "<group>"; };
		18650B831D8364AE00B1B2A0 /* ActivityIndicator.swift */ = {isa = PBXFileReference; fileEncoding = 4; lastKnownFileType = sourcecode.swift; path = ActivityIndicator.swift; sourceTree = "<group>"; };
		18650BA11D83665E00B1B2A0 /* Transformations.swift */ = {isa = PBXFileReference; fileEncoding = 4; lastKnownFileType = sourcecode.swift; path = Transformations.swift; sourceTree = "<group>"; };
		18650BA31D8366EE00B1B2A0 /* ScrollControllerBase.swift */ = {isa = PBXFileReference; fileEncoding = 4; lastKnownFileType = sourcecode.swift; path = ScrollControllerBase.swift; sourceTree = "<group>"; };
		18650BA51D83671B00B1B2A0 /* StaticMap.swift */ = {isa = PBXFileReference; fileEncoding = 4; lastKnownFileType = sourcecode.swift; path = StaticMap.swift; sourceTree = "<group>"; };
		18ABA1F71DACF00D001FF485 /* StateBox.swift */ = {isa = PBXFileReference; fileEncoding = 4; lastKnownFileType = sourcecode.swift; path = StateBox.swift; sourceTree = "<group>"; };
		4406EA23619B586C084EBED1 /* Pods-ReactantExample.release.xcconfig */ = {isa = PBXFileReference; includeInIndex = 1; lastKnownFileType = text.xcconfig; name = "Pods-ReactantExample.release.xcconfig"; path = "Pods/Target Support Files/Pods-ReactantExample/Pods-ReactantExample.release.xcconfig"; sourceTree = "<group>"; };
		50895ED3801A06D4D45EE033 /* Pods_Reactant.framework */ = {isa = PBXFileReference; explicitFileType = wrapper.framework; includeInIndex = 0; path = Pods_Reactant.framework; sourceTree = BUILT_PRODUCTS_DIR; };
		5975037688AFED52D683D2F3 /* Pods-ReactantTests.release.xcconfig */ = {isa = PBXFileReference; includeInIndex = 1; lastKnownFileType = text.xcconfig; name = "Pods-ReactantTests.release.xcconfig"; path = "Pods/Target Support Files/Pods-ReactantTests/Pods-ReactantTests.release.xcconfig"; sourceTree = "<group>"; };
		5A648916F85EF94ED93EB6F6 /* Pods-Reactant.release.xcconfig */ = {isa = PBXFileReference; includeInIndex = 1; lastKnownFileType = text.xcconfig; name = "Pods-Reactant.release.xcconfig"; path = "Pods/Target Support Files/Pods-Reactant/Pods-Reactant.release.xcconfig"; sourceTree = "<group>"; };
		607FACEB1AFB9204008FA782 /* Tests.swift */ = {isa = PBXFileReference; lastKnownFileType = sourcecode.swift; path = Tests.swift; sourceTree = "<group>"; };
		711603479E5441514316A7F3 /* Pods_ReactantTests.framework */ = {isa = PBXFileReference; explicitFileType = wrapper.framework; includeInIndex = 0; path = Pods_ReactantTests.framework; sourceTree = BUILT_PRODUCTS_DIR; };
		7C37CA8BA58C7F3320247F9E /* Pods-ReactantTests.debug.xcconfig */ = {isa = PBXFileReference; includeInIndex = 1; lastKnownFileType = text.xcconfig; name = "Pods-ReactantTests.debug.xcconfig"; path = "Pods/Target Support Files/Pods-ReactantTests/Pods-ReactantTests.debug.xcconfig"; sourceTree = "<group>"; };
		B028DA1728A0BC7C8045D66E /* README.md */ = {isa = PBXFileReference; includeInIndex = 1; lastKnownFileType = net.daringfireball.markdown; path = README.md; sourceTree = "<group>"; };
		BE6BA3EF10B2D508C3108F59 /* Pods-Reactant.debug.xcconfig */ = {isa = PBXFileReference; includeInIndex = 1; lastKnownFileType = text.xcconfig; name = "Pods-Reactant.debug.xcconfig"; path = "Pods/Target Support Files/Pods-Reactant/Pods-Reactant.debug.xcconfig"; sourceTree = "<group>"; };
		D0CDB0F87F5A62A6CDB552C7 /* Reactant.podspec */ = {isa = PBXFileReference; includeInIndex = 1; lastKnownFileType = file; path = Reactant.podspec; sourceTree = "<group>"; };
		DC1674851DB62B9D00231E72 /* ControllerRootView.swift */ = {isa = PBXFileReference; fileEncoding = 4; lastKnownFileType = sourcecode.swift; path = ControllerRootView.swift; sourceTree = "<group>"; };
		F78069484B4568D925EAEE32 /* Pods-ReactantExample.debug.xcconfig */ = {isa = PBXFileReference; includeInIndex = 1; lastKnownFileType = text.xcconfig; name = "Pods-ReactantExample.debug.xcconfig"; path = "Pods/Target Support Files/Pods-ReactantExample/Pods-ReactantExample.debug.xcconfig"; sourceTree = "<group>"; };
/* End PBXFileReference section */

/* Begin PBXFrameworksBuildPhase section */
		185121431D834D1E002C4B08 /* Frameworks */ = {
			isa = PBXFrameworksBuildPhase;
			buildActionMask = 2147483647;
			files = (
				04168232D53A3C6EC65FE3C3 /* Pods_Reactant.framework in Frameworks */,
			);
			runOnlyForDeploymentPostprocessing = 0;
		};
		1851214D1D834D1F002C4B08 /* Frameworks */ = {
			isa = PBXFrameworksBuildPhase;
			buildActionMask = 2147483647;
			files = (
				185121511D834D1F002C4B08 /* Reactant.framework in Frameworks */,
				45444ED1E71FEFA1D6A84E08 /* Pods_ReactantTests.framework in Frameworks */,
			);
			runOnlyForDeploymentPostprocessing = 0;
		};
/* End PBXFrameworksBuildPhase section */

/* Begin PBXGroup section */
		10B68A63379DA3294E15D42D /* Frameworks */ = {
			isa = PBXGroup;
			children = (
				50895ED3801A06D4D45EE033 /* Pods_Reactant.framework */,
				045F878B1A7F63F7AAD82596 /* Pods_ReactantExample.framework */,
				711603479E5441514316A7F3 /* Pods_ReactantTests.framework */,
			);
			name = Frameworks;
			sourceTree = "<group>";
		};
		185120EF1D834C5D002C4B08 /* Source */ = {
			isa = PBXGroup;
			children = (
				185120F01D834C5D002C4B08 /* Resources */,
				185120F21D834C5D002C4B08 /* Classes */,
			);
			path = Source;
			sourceTree = "<group>";
		};
		185120F01D834C5D002C4B08 /* Resources */ = {
			isa = PBXGroup;
			children = (
				1851214B1D834D1E002C4B08 /* Info.plist */,
			);
			path = Resources;
			sourceTree = "<group>";
		};
		185120F21D834C5D002C4B08 /* Classes */ = {
			isa = PBXGroup;
			children = (
				18650B831D8364AE00B1B2A0 /* ActivityIndicator.swift */,
				185120F41D834C5D002C4B08 /* ButtonBase.swift */,
				185120F91D834C5D002C4B08 /* Component.swift */,
				185120FA1D834C5D002C4B08 /* ContainerView.swift */,
				185120FB1D834C5D002C4B08 /* ControllerBase.swift */,
				DC1674851DB62B9D00231E72 /* ControllerRootView.swift */,
				185121051D834C5D002C4B08 /* Navigator.swift */,
				185121061D834C5D002C4B08 /* ReactantConfiguration.swift */,
				185121071D834C5D002C4B08 /* RxRouter.swift */,
				185121081D834C5D002C4B08 /* Scrollable.swift */,
				18650BA31D8366EE00B1B2A0 /* ScrollControllerBase.swift */,
				18ABA1F71DACF00D001FF485 /* StateBox.swift */,
				18650BA51D83671B00B1B2A0 /* StaticMap.swift */,
				18650BA11D83665E00B1B2A0 /* Transformations.swift */,
				18650B811D83645900B1B2A0 /* Validation.swift */,
				185121111D834C5D002C4B08 /* ViewBase.swift */,
				185121121D834C5D002C4B08 /* ViewEventReceiver.swift */,
				185120F51D834C5D002C4B08 /* CollectionView */,
				185120FC1D834C5D002C4B08 /* Extensions */,
				185121091D834C5D002C4B08 /* TableView */,
			);
			path = Classes;
			sourceTree = "<group>";
		};
		185120F51D834C5D002C4B08 /* CollectionView */ = {
			isa = PBXGroup;
			children = (
				185120F61D834C5D002C4B08 /* RxCollectionReusableView.swift */,
				185120F71D834C5D002C4B08 /* RxCollectionViewCell.swift */,
				185120F81D834C5D002C4B08 /* SingleRowCollectionView.swift */,
			);
			path = CollectionView;
			sourceTree = "<group>";
		};
		185120FC1D834C5D002C4B08 /* Extensions */ = {
			isa = PBXGroup;
			children = (
				185120FD1D834C5D002C4B08 /* Result+Utils.swift */,
				185120FE1D834C5D002C4B08 /* RxSwift+Operators.swift */,
				185120FF1D834C5D002C4B08 /* SequenceType+FirstWhere.swift */,
				185121001D834C5D002C4B08 /* SequenceType+Transform.swift */,
				1841DC661DA682D500862527 /* UIBarButtonItem+ClosureAction.swift */,
				185121011D834C5D002C4B08 /* UIStackView+Util.swift */,
				185121021D834C5D002C4B08 /* UIView+Util.swift */,
				185121031D834C5D002C4B08 /* UIView+Visibility.swift */,
			);
			path = Extensions;
			sourceTree = "<group>";
		};
		185121091D834C5D002C4B08 /* TableView */ = {
			isa = PBXGroup;
			children = (
				1851210A1D834C5D002C4B08 /* Identifiers.swift */,
				1851210B1D834C5D002C4B08 /* RxTableViewCell.swift */,
				1851210C1D834C5D002C4B08 /* RxTableViewHeaderFooterView.swift */,
				1851210D1D834C5D002C4B08 /* SectionedTableView.swift */,
				1851210E1D834C5D002C4B08 /* SimpleTableView.swift */,
				1851210F1D834C5D002C4B08 /* SimulatedSeparatorTableView.swift */,
				185121101D834C5D002C4B08 /* TableViewState.swift */,
			);
			path = TableView;
			sourceTree = "<group>";
		};
		3EF99E495EDB2A91B3FA3DE7 /* Pods */ = {
			isa = PBXGroup;
			children = (
				BE6BA3EF10B2D508C3108F59 /* Pods-Reactant.debug.xcconfig */,
				5A648916F85EF94ED93EB6F6 /* Pods-Reactant.release.xcconfig */,
				F78069484B4568D925EAEE32 /* Pods-ReactantExample.debug.xcconfig */,
				4406EA23619B586C084EBED1 /* Pods-ReactantExample.release.xcconfig */,
				7C37CA8BA58C7F3320247F9E /* Pods-ReactantTests.debug.xcconfig */,
				5975037688AFED52D683D2F3 /* Pods-ReactantTests.release.xcconfig */,
			);
			name = Pods;
			sourceTree = "<group>";
		};
		607FACC71AFB9204008FA782 = {
			isa = PBXGroup;
			children = (
				607FACF51AFB993E008FA782 /* Podspec Metadata */,
				185120EF1D834C5D002C4B08 /* Source */,
				607FACE81AFB9204008FA782 /* Tests */,
				607FACD11AFB9204008FA782 /* Products */,
				3EF99E495EDB2A91B3FA3DE7 /* Pods */,
				10B68A63379DA3294E15D42D /* Frameworks */,
			);
			sourceTree = "<group>";
		};
		607FACD11AFB9204008FA782 /* Products */ = {
			isa = PBXGroup;
			children = (
				185121471D834D1E002C4B08 /* Reactant.framework */,
				185121501D834D1F002C4B08 /* ReactantTests.xctest */,
			);
			name = Products;
			sourceTree = "<group>";
		};
		607FACE81AFB9204008FA782 /* Tests */ = {
			isa = PBXGroup;
			children = (
				607FACE91AFB9204008FA782 /* Supporting Files */,
				607FACEB1AFB9204008FA782 /* Tests.swift */,
			);
			path = Tests;
			sourceTree = "<group>";
		};
		607FACE91AFB9204008FA782 /* Supporting Files */ = {
			isa = PBXGroup;
			children = (
				185121571D834D1F002C4B08 /* Info.plist */,
			);
			path = "Supporting Files";
			sourceTree = "<group>";
		};
		607FACF51AFB993E008FA782 /* Podspec Metadata */ = {
			isa = PBXGroup;
			children = (
				118FB89C32922066714D8F98 /* LICENSE */,
				D0CDB0F87F5A62A6CDB552C7 /* Reactant.podspec */,
				B028DA1728A0BC7C8045D66E /* README.md */,
			);
			path = "Podspec Metadata";
			sourceTree = "<group>";
		};
/* End PBXGroup section */

/* Begin PBXHeadersBuildPhase section */
		185121441D834D1E002C4B08 /* Headers */ = {
			isa = PBXHeadersBuildPhase;
			buildActionMask = 2147483647;
			files = (
			);
			runOnlyForDeploymentPostprocessing = 0;
		};
/* End PBXHeadersBuildPhase section */

/* Begin PBXNativeTarget section */
		185121461D834D1E002C4B08 /* Reactant */ = {
			isa = PBXNativeTarget;
			buildConfigurationList = 185121581D834D1F002C4B08 /* Build configuration list for PBXNativeTarget "Reactant" */;
			buildPhases = (
				DB216D128F2E26437329BB25 /* [CP] Check Pods Manifest.lock */,
				185121421D834D1E002C4B08 /* Sources */,
				185121431D834D1E002C4B08 /* Frameworks */,
				185121441D834D1E002C4B08 /* Headers */,
				185121451D834D1E002C4B08 /* Resources */,
				B40D1B1F1F649897037191DE /* [CP] Copy Pods Resources */,
			);
			buildRules = (
			);
			dependencies = (
			);
			name = Reactant;
			productName = Reactant;
			productReference = 185121471D834D1E002C4B08 /* Reactant.framework */;
			productType = "com.apple.product-type.framework";
		};
		1851214F1D834D1F002C4B08 /* ReactantTests */ = {
			isa = PBXNativeTarget;
			buildConfigurationList = 1851215B1D834D1F002C4B08 /* Build configuration list for PBXNativeTarget "ReactantTests" */;
			buildPhases = (
				7D70AC4B0151462A93EAA1C6 /* [CP] Check Pods Manifest.lock */,
				1851214C1D834D1F002C4B08 /* Sources */,
				1851214D1D834D1F002C4B08 /* Frameworks */,
				1851214E1D834D1F002C4B08 /* Resources */,
				15B9855E127A1C0F844D93C9 /* [CP] Embed Pods Frameworks */,
				F9B4A83EE6DB32F874CC5718 /* [CP] Copy Pods Resources */,
			);
			buildRules = (
			);
			dependencies = (
				185121531D834D1F002C4B08 /* PBXTargetDependency */,
			);
			name = ReactantTests;
			productName = ReactantTests;
			productReference = 185121501D834D1F002C4B08 /* ReactantTests.xctest */;
			productType = "com.apple.product-type.bundle.unit-test";
		};
/* End PBXNativeTarget section */

/* Begin PBXProject section */
		607FACC81AFB9204008FA782 /* Project object */ = {
			isa = PBXProject;
			attributes = {
				LastSwiftUpdateCheck = 0730;
				LastUpgradeCheck = 0800;
				ORGANIZATIONNAME = CocoaPods;
				TargetAttributes = {
					185121461D834D1E002C4B08 = {
						CreatedOnToolsVersion = 7.3.1;
					};
					1851214F1D834D1F002C4B08 = {
						CreatedOnToolsVersion = 7.3.1;
					};
				};
			};
			buildConfigurationList = 607FACCB1AFB9204008FA782 /* Build configuration list for PBXProject "Reactant" */;
			compatibilityVersion = "Xcode 3.2";
			developmentRegion = English;
			hasScannedForEncodings = 0;
			knownRegions = (
				en,
				Base,
			);
			mainGroup = 607FACC71AFB9204008FA782;
			productRefGroup = 607FACD11AFB9204008FA782 /* Products */;
			projectDirPath = "";
			projectRoot = "";
			targets = (
				185121461D834D1E002C4B08 /* Reactant */,
				1851214F1D834D1F002C4B08 /* ReactantTests */,
			);
		};
/* End PBXProject section */

/* Begin PBXResourcesBuildPhase section */
		185121451D834D1E002C4B08 /* Resources */ = {
			isa = PBXResourcesBuildPhase;
			buildActionMask = 2147483647;
			files = (
			);
			runOnlyForDeploymentPostprocessing = 0;
		};
		1851214E1D834D1F002C4B08 /* Resources */ = {
			isa = PBXResourcesBuildPhase;
			buildActionMask = 2147483647;
			files = (
			);
			runOnlyForDeploymentPostprocessing = 0;
		};
/* End PBXResourcesBuildPhase section */

/* Begin PBXShellScriptBuildPhase section */
		15B9855E127A1C0F844D93C9 /* [CP] Embed Pods Frameworks */ = {
			isa = PBXShellScriptBuildPhase;
			buildActionMask = 2147483647;
			files = (
			);
			inputPaths = (
			);
			name = "[CP] Embed Pods Frameworks";
			outputPaths = (
			);
			runOnlyForDeploymentPostprocessing = 0;
			shellPath = /bin/sh;
			shellScript = "\"${SRCROOT}/Pods/Target Support Files/Pods-ReactantTests/Pods-ReactantTests-frameworks.sh\"\n";
			showEnvVarsInLog = 0;
		};
		7D70AC4B0151462A93EAA1C6 /* [CP] Check Pods Manifest.lock */ = {
			isa = PBXShellScriptBuildPhase;
			buildActionMask = 2147483647;
			files = (
			);
			inputPaths = (
			);
			name = "[CP] Check Pods Manifest.lock";
			outputPaths = (
			);
			runOnlyForDeploymentPostprocessing = 0;
			shellPath = /bin/sh;
			shellScript = "diff \"${PODS_ROOT}/../Podfile.lock\" \"${PODS_ROOT}/Manifest.lock\" > /dev/null\nif [ $? != 0 ] ; then\n    # print error to STDERR\n    echo \"error: The sandbox is not in sync with the Podfile.lock. Run 'pod install' or update your CocoaPods installation.\" >&2\n    exit 1\nfi\n";
			showEnvVarsInLog = 0;
		};
		B40D1B1F1F649897037191DE /* [CP] Copy Pods Resources */ = {
			isa = PBXShellScriptBuildPhase;
			buildActionMask = 2147483647;
			files = (
			);
			inputPaths = (
			);
			name = "[CP] Copy Pods Resources";
			outputPaths = (
			);
			runOnlyForDeploymentPostprocessing = 0;
			shellPath = /bin/sh;
			shellScript = "\"${SRCROOT}/Pods/Target Support Files/Pods-Reactant/Pods-Reactant-resources.sh\"\n";
			showEnvVarsInLog = 0;
		};
		DB216D128F2E26437329BB25 /* [CP] Check Pods Manifest.lock */ = {
			isa = PBXShellScriptBuildPhase;
			buildActionMask = 2147483647;
			files = (
			);
			inputPaths = (
			);
			name = "[CP] Check Pods Manifest.lock";
			outputPaths = (
			);
			runOnlyForDeploymentPostprocessing = 0;
			shellPath = /bin/sh;
			shellScript = "diff \"${PODS_ROOT}/../Podfile.lock\" \"${PODS_ROOT}/Manifest.lock\" > /dev/null\nif [ $? != 0 ] ; then\n    # print error to STDERR\n    echo \"error: The sandbox is not in sync with the Podfile.lock. Run 'pod install' or update your CocoaPods installation.\" >&2\n    exit 1\nfi\n";
			showEnvVarsInLog = 0;
		};
		F9B4A83EE6DB32F874CC5718 /* [CP] Copy Pods Resources */ = {
			isa = PBXShellScriptBuildPhase;
			buildActionMask = 2147483647;
			files = (
			);
			inputPaths = (
			);
			name = "[CP] Copy Pods Resources";
			outputPaths = (
			);
			runOnlyForDeploymentPostprocessing = 0;
			shellPath = /bin/sh;
			shellScript = "\"${SRCROOT}/Pods/Target Support Files/Pods-ReactantTests/Pods-ReactantTests-resources.sh\"\n";
			showEnvVarsInLog = 0;
		};
/* End PBXShellScriptBuildPhase section */

/* Begin PBXSourcesBuildPhase section */
		185121421D834D1E002C4B08 /* Sources */ = {
			isa = PBXSourcesBuildPhase;
			buildActionMask = 2147483647;
			files = (
				18650B911D8364DC00B1B2A0 /* SequenceType+Transform.swift in Sources */,
				18650B961D8364DC00B1B2A0 /* Navigator.swift in Sources */,
				18650B8A1D8364D800B1B2A0 /* SimulatedSeparatorTableView.swift in Sources */,
				DC1674861DB62B9D00231E72 /* ControllerRootView.swift in Sources */,
				18650BA41D8366EE00B1B2A0 /* ScrollControllerBase.swift in Sources */,
				18650B8C1D8364D800B1B2A0 /* ViewBase.swift in Sources */,
				18650B841D8364AE00B1B2A0 /* ActivityIndicator.swift in Sources */,
				18650B8B1D8364D800B1B2A0 /* TableViewState.swift in Sources */,
				18650B8E1D8364DC00B1B2A0 /* Result+Utils.swift in Sources */,
				18650B8D1D8364D800B1B2A0 /* ViewEventReceiver.swift in Sources */,
				18650BA21D83665E00B1B2A0 /* Transformations.swift in Sources */,
				18650BA61D83671B00B1B2A0 /* StaticMap.swift in Sources */,
				18650B971D8364DC00B1B2A0 /* ReactantConfiguration.swift in Sources */,
				18650B9F1D8364E500B1B2A0 /* SingleRowCollectionView.swift in Sources */,
				18650B861D8364D800B1B2A0 /* RxTableViewCell.swift in Sources */,
				18650B9E1D8364E500B1B2A0 /* RxCollectionViewCell.swift in Sources */,
				18650B9D1D8364E500B1B2A0 /* RxCollectionReusableView.swift in Sources */,
				18650B9C1D8364E000B1B2A0 /* ControllerBase.swift in Sources */,
				18650B881D8364D800B1B2A0 /* SectionedTableView.swift in Sources */,
				18650B921D8364DC00B1B2A0 /* UIStackView+Util.swift in Sources */,
				18650B851D8364D800B1B2A0 /* Identifiers.swift in Sources */,
				18650B9A1D8364E000B1B2A0 /* Component.swift in Sources */,
				18650B891D8364D800B1B2A0 /* SimpleTableView.swift in Sources */,
				18650B941D8364DC00B1B2A0 /* UIView+Visibility.swift in Sources */,
				18650BA01D8364E800B1B2A0 /* ButtonBase.swift in Sources */,
				18650B8F1D8364DC00B1B2A0 /* RxSwift+Operators.swift in Sources */,
				18ABA1F81DACF00D001FF485 /* StateBox.swift in Sources */,
				18650B901D8364DC00B1B2A0 /* SequenceType+FirstWhere.swift in Sources */,
				18650B931D8364DC00B1B2A0 /* UIView+Util.swift in Sources */,
				18650B821D83645900B1B2A0 /* Validation.swift in Sources */,
				18650B9B1D8364E000B1B2A0 /* ContainerView.swift in Sources */,
				18650B981D8364DC00B1B2A0 /* RxRouter.swift in Sources */,
				18650B991D8364DC00B1B2A0 /* Scrollable.swift in Sources */,
				1841DC671DA682D500862527 /* UIBarButtonItem+ClosureAction.swift in Sources */,
				18650B871D8364D800B1B2A0 /* RxTableViewHeaderFooterView.swift in Sources */,
			);
			runOnlyForDeploymentPostprocessing = 0;
		};
		1851214C1D834D1F002C4B08 /* Sources */ = {
			isa = PBXSourcesBuildPhase;
			buildActionMask = 2147483647;
			files = (
				1851215E1D834DD2002C4B08 /* Tests.swift in Sources */,
			);
			runOnlyForDeploymentPostprocessing = 0;
		};
/* End PBXSourcesBuildPhase section */

/* Begin PBXTargetDependency section */
		185121531D834D1F002C4B08 /* PBXTargetDependency */ = {
			isa = PBXTargetDependency;
			target = 185121461D834D1E002C4B08 /* Reactant */;
			targetProxy = 185121521D834D1F002C4B08 /* PBXContainerItemProxy */;
		};
/* End PBXTargetDependency section */

/* Begin XCBuildConfiguration section */
		185121591D834D1F002C4B08 /* Debug */ = {
			isa = XCBuildConfiguration;
			baseConfigurationReference = BE6BA3EF10B2D508C3108F59 /* Pods-Reactant.debug.xcconfig */;
			buildSettings = {
				CLANG_ANALYZER_NONNULL = YES;
				CLANG_ENABLE_MODULES = YES;
				"CODE_SIGN_IDENTITY[sdk=iphoneos*]" = "";
				CURRENT_PROJECT_VERSION = 1;
				DEBUG_INFORMATION_FORMAT = dwarf;
				DEFINES_MODULE = YES;
				DYLIB_COMPATIBILITY_VERSION = 1;
				DYLIB_CURRENT_VERSION = 1;
				DYLIB_INSTALL_NAME_BASE = "@rpath";
				INFOPLIST_FILE = Source/Resources/Info.plist;
				INSTALL_PATH = "$(LOCAL_LIBRARY_DIR)/Frameworks";
				IPHONEOS_DEPLOYMENT_TARGET = 9.3;
				LD_RUNPATH_SEARCH_PATHS = "$(inherited) @executable_path/Frameworks @loader_path/Frameworks";
				PRODUCT_BUNDLE_IDENTIFIER = org.brightify.Reactant;
				PRODUCT_NAME = "$(TARGET_NAME)";
				SKIP_INSTALL = YES;
				SWIFT_OPTIMIZATION_LEVEL = "-Onone";
				TARGETED_DEVICE_FAMILY = "1,2";
				VERSIONING_SYSTEM = "apple-generic";
				VERSION_INFO_PREFIX = "";
			};
			name = Debug;
		};
		1851215A1D834D1F002C4B08 /* Release */ = {
			isa = XCBuildConfiguration;
			baseConfigurationReference = 5A648916F85EF94ED93EB6F6 /* Pods-Reactant.release.xcconfig */;
			buildSettings = {
				CLANG_ANALYZER_NONNULL = YES;
				CLANG_ENABLE_MODULES = YES;
				"CODE_SIGN_IDENTITY[sdk=iphoneos*]" = "";
				CURRENT_PROJECT_VERSION = 1;
				DEFINES_MODULE = YES;
				DYLIB_COMPATIBILITY_VERSION = 1;
				DYLIB_CURRENT_VERSION = 1;
				DYLIB_INSTALL_NAME_BASE = "@rpath";
				INFOPLIST_FILE = Source/Resources/Info.plist;
				INSTALL_PATH = "$(LOCAL_LIBRARY_DIR)/Frameworks";
				IPHONEOS_DEPLOYMENT_TARGET = 9.3;
				LD_RUNPATH_SEARCH_PATHS = "$(inherited) @executable_path/Frameworks @loader_path/Frameworks";
				PRODUCT_BUNDLE_IDENTIFIER = org.brightify.Reactant;
				PRODUCT_NAME = "$(TARGET_NAME)";
				SKIP_INSTALL = YES;
				TARGETED_DEVICE_FAMILY = "1,2";
				VERSIONING_SYSTEM = "apple-generic";
				VERSION_INFO_PREFIX = "";
			};
			name = Release;
		};
		1851215C1D834D1F002C4B08 /* Debug */ = {
			isa = XCBuildConfiguration;
			baseConfigurationReference = 7C37CA8BA58C7F3320247F9E /* Pods-ReactantTests.debug.xcconfig */;
			buildSettings = {
				ALWAYS_EMBED_SWIFT_STANDARD_LIBRARIES = YES;
				CLANG_ANALYZER_NONNULL = YES;
				DEBUG_INFORMATION_FORMAT = dwarf;
				INFOPLIST_FILE = "Tests/Supporting Files/Info.plist";
				IPHONEOS_DEPLOYMENT_TARGET = 9.3;
				LD_RUNPATH_SEARCH_PATHS = "$(inherited) @executable_path/Frameworks @loader_path/Frameworks";
				PRODUCT_BUNDLE_IDENTIFIER = org.brightify.ReactantTests;
				PRODUCT_NAME = "$(TARGET_NAME)";
			};
			name = Debug;
		};
		1851215D1D834D1F002C4B08 /* Release */ = {
			isa = XCBuildConfiguration;
			baseConfigurationReference = 5975037688AFED52D683D2F3 /* Pods-ReactantTests.release.xcconfig */;
			buildSettings = {
				ALWAYS_EMBED_SWIFT_STANDARD_LIBRARIES = YES;
				CLANG_ANALYZER_NONNULL = YES;
				INFOPLIST_FILE = "Tests/Supporting Files/Info.plist";
				IPHONEOS_DEPLOYMENT_TARGET = 9.3;
				LD_RUNPATH_SEARCH_PATHS = "$(inherited) @executable_path/Frameworks @loader_path/Frameworks";
				PRODUCT_BUNDLE_IDENTIFIER = org.brightify.ReactantTests;
				PRODUCT_NAME = "$(TARGET_NAME)";
			};
			name = Release;
		};
		607FACED1AFB9204008FA782 /* Debug */ = {
			isa = XCBuildConfiguration;
			buildSettings = {
				ALWAYS_SEARCH_USER_PATHS = NO;
				CLANG_CXX_LANGUAGE_STANDARD = "gnu++0x";
				CLANG_CXX_LIBRARY = "libc++";
				CLANG_ENABLE_MODULES = YES;
				CLANG_ENABLE_OBJC_ARC = YES;
				CLANG_WARN_BOOL_CONVERSION = YES;
				CLANG_WARN_CONSTANT_CONVERSION = YES;
				CLANG_WARN_DIRECT_OBJC_ISA_USAGE = YES_ERROR;
				CLANG_WARN_EMPTY_BODY = YES;
				CLANG_WARN_ENUM_CONVERSION = YES;
				CLANG_WARN_INFINITE_RECURSION = YES;
				CLANG_WARN_INT_CONVERSION = YES;
				CLANG_WARN_OBJC_ROOT_CLASS = YES_ERROR;
				CLANG_WARN_SUSPICIOUS_MOVE = YES;
				CLANG_WARN_UNREACHABLE_CODE = YES;
				CLANG_WARN__DUPLICATE_METHOD_MATCH = YES;
				"CODE_SIGN_IDENTITY[sdk=iphoneos*]" = "iPhone Developer";
				COPY_PHASE_STRIP = NO;
				DEBUG_INFORMATION_FORMAT = "dwarf-with-dsym";
				ENABLE_STRICT_OBJC_MSGSEND = YES;
				ENABLE_TESTABILITY = YES;
				GCC_C_LANGUAGE_STANDARD = gnu99;
				GCC_DYNAMIC_NO_PIC = NO;
				GCC_NO_COMMON_BLOCKS = YES;
				GCC_OPTIMIZATION_LEVEL = 0;
				GCC_PREPROCESSOR_DEFINITIONS = (
					"DEBUG=1",
					"$(inherited)",
				);
				GCC_SYMBOLS_PRIVATE_EXTERN = NO;
				GCC_WARN_64_TO_32_BIT_CONVERSION = YES;
				GCC_WARN_ABOUT_RETURN_TYPE = YES_ERROR;
				GCC_WARN_UNDECLARED_SELECTOR = YES;
				GCC_WARN_UNINITIALIZED_AUTOS = YES_AGGRESSIVE;
				GCC_WARN_UNUSED_FUNCTION = YES;
				GCC_WARN_UNUSED_VARIABLE = YES;
				IPHONEOS_DEPLOYMENT_TARGET = 9.0;
				MTL_ENABLE_DEBUG_INFO = YES;
				ONLY_ACTIVE_ARCH = YES;
				OTHER_SWIFT_FLAGS = "-Xfrontend -debug-time-function-bodies";
				SDKROOT = iphoneos;
				SWIFT_OPTIMIZATION_LEVEL = "-Onone";
				SWIFT_VERSION = 3.0;
			};
			name = Debug;
		};
		607FACEE1AFB9204008FA782 /* Release */ = {
			isa = XCBuildConfiguration;
			buildSettings = {
				ALWAYS_SEARCH_USER_PATHS = NO;
				CLANG_CXX_LANGUAGE_STANDARD = "gnu++0x";
				CLANG_CXX_LIBRARY = "libc++";
				CLANG_ENABLE_MODULES = YES;
				CLANG_ENABLE_OBJC_ARC = YES;
				CLANG_WARN_BOOL_CONVERSION = YES;
				CLANG_WARN_CONSTANT_CONVERSION = YES;
				CLANG_WARN_DIRECT_OBJC_ISA_USAGE = YES_ERROR;
				CLANG_WARN_EMPTY_BODY = YES;
				CLANG_WARN_ENUM_CONVERSION = YES;
				CLANG_WARN_INFINITE_RECURSION = YES;
				CLANG_WARN_INT_CONVERSION = YES;
				CLANG_WARN_OBJC_ROOT_CLASS = YES_ERROR;
				CLANG_WARN_SUSPICIOUS_MOVE = YES;
				CLANG_WARN_UNREACHABLE_CODE = YES;
				CLANG_WARN__DUPLICATE_METHOD_MATCH = YES;
				"CODE_SIGN_IDENTITY[sdk=iphoneos*]" = "iPhone Developer";
				COPY_PHASE_STRIP = NO;
				DEBUG_INFORMATION_FORMAT = "dwarf-with-dsym";
				ENABLE_NS_ASSERTIONS = NO;
				ENABLE_STRICT_OBJC_MSGSEND = YES;
				GCC_C_LANGUAGE_STANDARD = gnu99;
				GCC_NO_COMMON_BLOCKS = YES;
				GCC_WARN_64_TO_32_BIT_CONVERSION = YES;
				GCC_WARN_ABOUT_RETURN_TYPE = YES_ERROR;
				GCC_WARN_UNDECLARED_SELECTOR = YES;
				GCC_WARN_UNINITIALIZED_AUTOS = YES_AGGRESSIVE;
				GCC_WARN_UNUSED_FUNCTION = YES;
				GCC_WARN_UNUSED_VARIABLE = YES;
				IPHONEOS_DEPLOYMENT_TARGET = 9.0;
				MTL_ENABLE_DEBUG_INFO = NO;
				OTHER_SWIFT_FLAGS = "-Xfrontend -debug-time-function-bodies";
				SDKROOT = iphoneos;
				SWIFT_OPTIMIZATION_LEVEL = "-Owholemodule";
				SWIFT_VERSION = 3.0;
				VALIDATE_PRODUCT = YES;
			};
			name = Release;
		};
/* End XCBuildConfiguration section */

/* Begin XCConfigurationList section */
		185121581D834D1F002C4B08 /* Build configuration list for PBXNativeTarget "Reactant" */ = {
			isa = XCConfigurationList;
			buildConfigurations = (
				185121591D834D1F002C4B08 /* Debug */,
				1851215A1D834D1F002C4B08 /* Release */,
			);
			defaultConfigurationIsVisible = 0;
			defaultConfigurationName = Release;
		};
		1851215B1D834D1F002C4B08 /* Build configuration list for PBXNativeTarget "ReactantTests" */ = {
			isa = XCConfigurationList;
			buildConfigurations = (
				1851215C1D834D1F002C4B08 /* Debug */,
				1851215D1D834D1F002C4B08 /* Release */,
			);
			defaultConfigurationIsVisible = 0;
			defaultConfigurationName = Release;
		};
		607FACCB1AFB9204008FA782 /* Build configuration list for PBXProject "Reactant" */ = {
			isa = XCConfigurationList;
			buildConfigurations = (
				607FACED1AFB9204008FA782 /* Debug */,
				607FACEE1AFB9204008FA782 /* Release */,
			);
			defaultConfigurationIsVisible = 0;
			defaultConfigurationName = Release;
		};
/* End XCConfigurationList section */
	};
	rootObject = 607FACC81AFB9204008FA782 /* Project object */;
}
