// !$*UTF8*$!
{
	archiveVersion = 1;
	classes = {
	};
	objectVersion = 46;
	objects = {

/* Begin PBXBuildFile section */
		18DD43201EC9C3CF005C04B6 /* LaunchScreen.xib in Resources */ = {isa = PBXBuildFile; fileRef = 18DD430C1EC9C3CF005C04B6 /* LaunchScreen.xib */; };
		18DD43211EC9C3CF005C04B6 /* Images.xcassets in Resources */ = {isa = PBXBuildFile; fileRef = 18DD430E1EC9C3CF005C04B6 /* Images.xcassets */; };
		18DD43221EC9C3CF005C04B6 /* Info.plist in Resources */ = {isa = PBXBuildFile; fileRef = 18DD430F1EC9C3CF005C04B6 /* Info.plist */; };
		18DD43231EC9C3CF005C04B6 /* AppDelegate.swift in Sources */ = {isa = PBXBuildFile; fileRef = 18DD43111EC9C3CF005C04B6 /* AppDelegate.swift */; };
		18DD43241EC9C3CF005C04B6 /* AppModule.swift in Sources */ = {isa = PBXBuildFile; fileRef = 18DD43121EC9C3CF005C04B6 /* AppModule.swift */; };
		18DD43251EC9C3CF005C04B6 /* LabelView.swift in Sources */ = {isa = PBXBuildFile; fileRef = 18DD43151EC9C3CF005C04B6 /* LabelView.swift */; };
		18DD43261EC9C3CF005C04B6 /* MainRootView.swift in Sources */ = {isa = PBXBuildFile; fileRef = 18DD43161EC9C3CF005C04B6 /* MainRootView.swift */; };
		18DD43271EC9C3CF005C04B6 /* MainViewController.swift in Sources */ = {isa = PBXBuildFile; fileRef = 18DD43171EC9C3CF005C04B6 /* MainViewController.swift */; };
		18DD43281EC9C3CF005C04B6 /* TableRootView.swift in Sources */ = {isa = PBXBuildFile; fileRef = 18DD43191EC9C3CF005C04B6 /* TableRootView.swift */; };
		18DD43291EC9C3CF005C04B6 /* TableViewController.swift in Sources */ = {isa = PBXBuildFile; fileRef = 18DD431A1EC9C3CF005C04B6 /* TableViewController.swift */; };
		18DD432A1EC9C3CF005C04B6 /* DependencyModule.swift in Sources */ = {isa = PBXBuildFile; fileRef = 18DD431B1EC9C3CF005C04B6 /* DependencyModule.swift */; };
		18DD432B1EC9C3CF005C04B6 /* NameService.swift in Sources */ = {isa = PBXBuildFile; fileRef = 18DD431D1EC9C3CF005C04B6 /* NameService.swift */; };
		18DD432C1EC9C3CF005C04B6 /* MainWireframe.swift in Sources */ = {isa = PBXBuildFile; fileRef = 18DD431F1EC9C3CF005C04B6 /* MainWireframe.swift */; };
		607FACEC1AFB9204008FA782 /* Tests.swift in Sources */ = {isa = PBXBuildFile; fileRef = 607FACEB1AFB9204008FA782 /* Tests.swift */; };
		DF24045D57366CBBF4FC66A7 /* Pods_Reactant_Example.framework in Frameworks */ = {isa = PBXBuildFile; fileRef = 36E06D5FCB04C90B38547C5C /* Pods_Reactant_Example.framework */; };
		EBD31B9D6B7AAD3D5D506198 /* Pods_Reactant_Tests.framework in Frameworks */ = {isa = PBXBuildFile; fileRef = C20F8383495D1D33600D531D /* Pods_Reactant_Tests.framework */; };
/* End PBXBuildFile section */

/* Begin PBXContainerItemProxy section */
		607FACE61AFB9204008FA782 /* PBXContainerItemProxy */ = {
			isa = PBXContainerItemProxy;
			containerPortal = 607FACC81AFB9204008FA782 /* Project object */;
			proxyType = 1;
			remoteGlobalIDString = 607FACCF1AFB9204008FA782;
			remoteInfo = Reactant;
		};
/* End PBXContainerItemProxy section */

/* Begin PBXFileReference section */
		0F053E1FE7E1621ED16B140B /* Pods-Reactant_Tests.debug.xcconfig */ = {isa = PBXFileReference; includeInIndex = 1; lastKnownFileType = text.xcconfig; name = "Pods-Reactant_Tests.debug.xcconfig"; path = "Pods/Target Support Files/Pods-Reactant_Tests/Pods-Reactant_Tests.debug.xcconfig"; sourceTree = "<group>"; };
		18DD430D1EC9C3CF005C04B6 /* Base */ = {isa = PBXFileReference; lastKnownFileType = file.xib; name = Base; path = Base.lproj/LaunchScreen.xib; sourceTree = "<group>"; };
		18DD430E1EC9C3CF005C04B6 /* Images.xcassets */ = {isa = PBXFileReference; lastKnownFileType = folder.assetcatalog; path = Images.xcassets; sourceTree = "<group>"; };
		18DD430F1EC9C3CF005C04B6 /* Info.plist */ = {isa = PBXFileReference; fileEncoding = 4; lastKnownFileType = text.plist.xml; path = Info.plist; sourceTree = "<group>"; };
		18DD43111EC9C3CF005C04B6 /* AppDelegate.swift */ = {isa = PBXFileReference; fileEncoding = 4; lastKnownFileType = sourcecode.swift; path = AppDelegate.swift; sourceTree = "<group>"; };
		18DD43121EC9C3CF005C04B6 /* AppModule.swift */ = {isa = PBXFileReference; fileEncoding = 4; lastKnownFileType = sourcecode.swift; path = AppModule.swift; sourceTree = "<group>"; };
		18DD43151EC9C3CF005C04B6 /* LabelView.swift */ = {isa = PBXFileReference; fileEncoding = 4; lastKnownFileType = sourcecode.swift; path = LabelView.swift; sourceTree = "<group>"; };
		18DD43161EC9C3CF005C04B6 /* MainRootView.swift */ = {isa = PBXFileReference; fileEncoding = 4; lastKnownFileType = sourcecode.swift; path = MainRootView.swift; sourceTree = "<group>"; };
		18DD43171EC9C3CF005C04B6 /* MainViewController.swift */ = {isa = PBXFileReference; fileEncoding = 4; lastKnownFileType = sourcecode.swift; path = MainViewController.swift; sourceTree = "<group>"; };
		18DD43191EC9C3CF005C04B6 /* TableRootView.swift */ = {isa = PBXFileReference; fileEncoding = 4; lastKnownFileType = sourcecode.swift; path = TableRootView.swift; sourceTree = "<group>"; };
		18DD431A1EC9C3CF005C04B6 /* TableViewController.swift */ = {isa = PBXFileReference; fileEncoding = 4; lastKnownFileType = sourcecode.swift; path = TableViewController.swift; sourceTree = "<group>"; };
		18DD431B1EC9C3CF005C04B6 /* DependencyModule.swift */ = {isa = PBXFileReference; fileEncoding = 4; lastKnownFileType = sourcecode.swift; path = DependencyModule.swift; sourceTree = "<group>"; };
		18DD431D1EC9C3CF005C04B6 /* NameService.swift */ = {isa = PBXFileReference; fileEncoding = 4; lastKnownFileType = sourcecode.swift; path = NameService.swift; sourceTree = "<group>"; };
		18DD431F1EC9C3CF005C04B6 /* MainWireframe.swift */ = {isa = PBXFileReference; fileEncoding = 4; lastKnownFileType = sourcecode.swift; path = MainWireframe.swift; sourceTree = "<group>"; };
		36E06D5FCB04C90B38547C5C /* Pods_Reactant_Example.framework */ = {isa = PBXFileReference; explicitFileType = wrapper.framework; includeInIndex = 0; path = Pods_Reactant_Example.framework; sourceTree = BUILT_PRODUCTS_DIR; };
		542FF02ED552BBD9CB7D7B2E /* Pods-Reactant_Example.debug.xcconfig */ = {isa = PBXFileReference; includeInIndex = 1; lastKnownFileType = text.xcconfig; name = "Pods-Reactant_Example.debug.xcconfig"; path = "Pods/Target Support Files/Pods-Reactant_Example/Pods-Reactant_Example.debug.xcconfig"; sourceTree = "<group>"; };
		607FACD01AFB9204008FA782 /* Reactant_Example.app */ = {isa = PBXFileReference; explicitFileType = wrapper.application; includeInIndex = 0; path = Reactant_Example.app; sourceTree = BUILT_PRODUCTS_DIR; };
		607FACE51AFB9204008FA782 /* Reactant_Tests.xctest */ = {isa = PBXFileReference; explicitFileType = wrapper.cfbundle; includeInIndex = 0; path = Reactant_Tests.xctest; sourceTree = BUILT_PRODUCTS_DIR; };
		607FACEA1AFB9204008FA782 /* Info.plist */ = {isa = PBXFileReference; lastKnownFileType = text.plist.xml; path = Info.plist; sourceTree = "<group>"; };
		607FACEB1AFB9204008FA782 /* Tests.swift */ = {isa = PBXFileReference; lastKnownFileType = sourcecode.swift; path = Tests.swift; sourceTree = "<group>"; };
		6A0B2B875FCBD85111B00D55 /* LICENSE */ = {isa = PBXFileReference; includeInIndex = 1; lastKnownFileType = text; name = LICENSE; path = ../../LICENSE; sourceTree = "<group>"; };
		73CEEC6037FE9D03BFABCC4C /* Pods-Reactant_Tests.release.xcconfig */ = {isa = PBXFileReference; includeInIndex = 1; lastKnownFileType = text.xcconfig; name = "Pods-Reactant_Tests.release.xcconfig"; path = "Pods/Target Support Files/Pods-Reactant_Tests/Pods-Reactant_Tests.release.xcconfig"; sourceTree = "<group>"; };
		8D2D6B89AFA06A5EC08AB362 /* Reactant.podspec */ = {isa = PBXFileReference; includeInIndex = 1; lastKnownFileType = text; name = Reactant.podspec; path = ../../Reactant.podspec; sourceTree = "<group>"; };
		C20F8383495D1D33600D531D /* Pods_Reactant_Tests.framework */ = {isa = PBXFileReference; explicitFileType = wrapper.framework; includeInIndex = 0; path = Pods_Reactant_Tests.framework; sourceTree = BUILT_PRODUCTS_DIR; };
		C99E86109227D973B98F61CE /* README.md */ = {isa = PBXFileReference; includeInIndex = 1; lastKnownFileType = net.daringfireball.markdown; name = README.md; path = ../../README.md; sourceTree = "<group>"; };
		CD92C21E63927F66210F4ABD /* Pods-Reactant_Example.release.xcconfig */ = {isa = PBXFileReference; includeInIndex = 1; lastKnownFileType = text.xcconfig; name = "Pods-Reactant_Example.release.xcconfig"; path = "Pods/Target Support Files/Pods-Reactant_Example/Pods-Reactant_Example.release.xcconfig"; sourceTree = "<group>"; };
/* End PBXFileReference section */

/* Begin PBXFrameworksBuildPhase section */
		607FACCD1AFB9204008FA782 /* Frameworks */ = {
			isa = PBXFrameworksBuildPhase;
			buildActionMask = 2147483647;
			files = (
				DF24045D57366CBBF4FC66A7 /* Pods_Reactant_Example.framework in Frameworks */,
			);
			runOnlyForDeploymentPostprocessing = 0;
		};
		607FACE21AFB9204008FA782 /* Frameworks */ = {
			isa = PBXFrameworksBuildPhase;
			buildActionMask = 2147483647;
			files = (
				EBD31B9D6B7AAD3D5D506198 /* Pods_Reactant_Tests.framework in Frameworks */,
			);
			runOnlyForDeploymentPostprocessing = 0;
		};
/* End PBXFrameworksBuildPhase section */

/* Begin PBXGroup section */
		18DD430A1EC9C3CF005C04B6 /* Application */ = {
			isa = PBXGroup;
			children = (
				18DD430B1EC9C3CF005C04B6 /* Resources */,
				18DD43101EC9C3CF005C04B6 /* Sources */,
			);
			path = Application;
			sourceTree = "<group>";
		};
		18DD430B1EC9C3CF005C04B6 /* Resources */ = {
			isa = PBXGroup;
			children = (
				18DD430C1EC9C3CF005C04B6 /* LaunchScreen.xib */,
				18DD430E1EC9C3CF005C04B6 /* Images.xcassets */,
				18DD430F1EC9C3CF005C04B6 /* Info.plist */,
			);
			path = Resources;
			sourceTree = "<group>";
		};
		18DD43101EC9C3CF005C04B6 /* Sources */ = {
			isa = PBXGroup;
			children = (
				18DD43111EC9C3CF005C04B6 /* AppDelegate.swift */,
				18DD43121EC9C3CF005C04B6 /* AppModule.swift */,
				18DD43131EC9C3CF005C04B6 /* Components */,
				18DD431B1EC9C3CF005C04B6 /* DependencyModule.swift */,
				18DD431C1EC9C3CF005C04B6 /* Service */,
				18DD431E1EC9C3CF005C04B6 /* Wireframe */,
			);
			path = Sources;
			sourceTree = "<group>";
		};
		18DD43131EC9C3CF005C04B6 /* Components */ = {
			isa = PBXGroup;
			children = (
				18DD43141EC9C3CF005C04B6 /* Main */,
				18DD43181EC9C3CF005C04B6 /* Table */,
			);
			path = Components;
			sourceTree = "<group>";
		};
		18DD43141EC9C3CF005C04B6 /* Main */ = {
			isa = PBXGroup;
			children = (
				18DD43151EC9C3CF005C04B6 /* LabelView.swift */,
				18DD43161EC9C3CF005C04B6 /* MainRootView.swift */,
				18DD43171EC9C3CF005C04B6 /* MainViewController.swift */,
			);
			path = Main;
			sourceTree = "<group>";
		};
		18DD43181EC9C3CF005C04B6 /* Table */ = {
			isa = PBXGroup;
			children = (
				18DD43191EC9C3CF005C04B6 /* TableRootView.swift */,
				18DD431A1EC9C3CF005C04B6 /* TableViewController.swift */,
			);
			path = Table;
			sourceTree = "<group>";
		};
		18DD431C1EC9C3CF005C04B6 /* Service */ = {
			isa = PBXGroup;
			children = (
				18DD431D1EC9C3CF005C04B6 /* NameService.swift */,
			);
			path = Service;
			sourceTree = "<group>";
		};
		18DD431E1EC9C3CF005C04B6 /* Wireframe */ = {
			isa = PBXGroup;
			children = (
				18DD431F1EC9C3CF005C04B6 /* MainWireframe.swift */,
			);
			path = Wireframe;
			sourceTree = "<group>";
		};
		32DFC1AC71FEB6AAACE3AD32 /* Frameworks */ = {
			isa = PBXGroup;
			children = (
				36E06D5FCB04C90B38547C5C /* Pods_Reactant_Example.framework */,
				C20F8383495D1D33600D531D /* Pods_Reactant_Tests.framework */,
			);
			name = Frameworks;
			sourceTree = "<group>";
		};
		607FACC71AFB9204008FA782 = {
			isa = PBXGroup;
			children = (
				18DD430A1EC9C3CF005C04B6 /* Application */,
				32DFC1AC71FEB6AAACE3AD32 /* Frameworks */,
				BD3839924E41AB9DFDE7459B /* Pods */,
				607FACF51AFB993E008FA782 /* Podspec Metadata */,
				607FACD11AFB9204008FA782 /* Products */,
				607FACE81AFB9204008FA782 /* Tests */,
			);
			sourceTree = "<group>";
		};
		607FACD11AFB9204008FA782 /* Products */ = {
			isa = PBXGroup;
			children = (
				607FACD01AFB9204008FA782 /* Reactant_Example.app */,
				607FACE51AFB9204008FA782 /* Reactant_Tests.xctest */,
			);
			name = Products;
			sourceTree = "<group>";
		};
		607FACE81AFB9204008FA782 /* Tests */ = {
			isa = PBXGroup;
			children = (
				607FACE91AFB9204008FA782 /* Supporting Files */,
				607FACEB1AFB9204008FA782 /* Tests.swift */,
			);
			path = Tests;
			sourceTree = "<group>";
		};
		607FACE91AFB9204008FA782 /* Supporting Files */ = {
			isa = PBXGroup;
			children = (
				607FACEA1AFB9204008FA782 /* Info.plist */,
			);
			path = "Supporting Files";
			sourceTree = "<group>";
		};
		607FACF51AFB993E008FA782 /* Podspec Metadata */ = {
			isa = PBXGroup;
			children = (
				6A0B2B875FCBD85111B00D55 /* LICENSE */,
				C99E86109227D973B98F61CE /* README.md */,
				8D2D6B89AFA06A5EC08AB362 /* Reactant.podspec */,
			);
			path = "Podspec Metadata";
			sourceTree = "<group>";
		};
		BD3839924E41AB9DFDE7459B /* Pods */ = {
			isa = PBXGroup;
			children = (
				542FF02ED552BBD9CB7D7B2E /* Pods-Reactant_Example.debug.xcconfig */,
				CD92C21E63927F66210F4ABD /* Pods-Reactant_Example.release.xcconfig */,
				0F053E1FE7E1621ED16B140B /* Pods-Reactant_Tests.debug.xcconfig */,
				73CEEC6037FE9D03BFABCC4C /* Pods-Reactant_Tests.release.xcconfig */,
			);
			name = Pods;
			sourceTree = "<group>";
		};
/* End PBXGroup section */

/* Begin PBXNativeTarget section */
		607FACCF1AFB9204008FA782 /* Reactant_Example */ = {
			isa = PBXNativeTarget;
			buildConfigurationList = 607FACEF1AFB9204008FA782 /* Build configuration list for PBXNativeTarget "Reactant_Example" */;
			buildPhases = (
				0437580FCA298C443E701C8F /* [CP] Check Pods Manifest.lock */,
				607FACCC1AFB9204008FA782 /* Sources */,
				607FACCD1AFB9204008FA782 /* Frameworks */,
				607FACCE1AFB9204008FA782 /* Resources */,
				33A617B0AB2B0F4FDB0288F9 /* [CP] Embed Pods Frameworks */,
				5EC10B7B0D5A41D83E320270 /* [CP] Copy Pods Resources */,
			);
			buildRules = (
			);
			dependencies = (
			);
			name = Reactant_Example;
			productName = Reactant;
			productReference = 607FACD01AFB9204008FA782 /* Reactant_Example.app */;
			productType = "com.apple.product-type.application";
		};
		607FACE41AFB9204008FA782 /* Reactant_Tests */ = {
			isa = PBXNativeTarget;
			buildConfigurationList = 607FACF21AFB9204008FA782 /* Build configuration list for PBXNativeTarget "Reactant_Tests" */;
			buildPhases = (
				94C5A73E964A6C093772C7AA /* [CP] Check Pods Manifest.lock */,
				607FACE11AFB9204008FA782 /* Sources */,
				607FACE21AFB9204008FA782 /* Frameworks */,
				607FACE31AFB9204008FA782 /* Resources */,
				578F04EA2651D3A6154B4BD7 /* [CP] Embed Pods Frameworks */,
				08D85AA214B84E05762B2A80 /* [CP] Copy Pods Resources */,
			);
			buildRules = (
			);
			dependencies = (
				607FACE71AFB9204008FA782 /* PBXTargetDependency */,
			);
			name = Reactant_Tests;
			productName = Tests;
			productReference = 607FACE51AFB9204008FA782 /* Reactant_Tests.xctest */;
			productType = "com.apple.product-type.bundle.unit-test";
		};
/* End PBXNativeTarget section */

/* Begin PBXProject section */
		607FACC81AFB9204008FA782 /* Project object */ = {
			isa = PBXProject;
			attributes = {
				LastSwiftUpdateCheck = 0720;
				LastUpgradeCheck = 0820;
				ORGANIZATIONNAME = "Brightify s.r.o.";
				TargetAttributes = {
					607FACCF1AFB9204008FA782 = {
						CreatedOnToolsVersion = 6.3.1;
						DevelopmentTeam = Z4J75M6GAC;
						LastSwiftMigration = 0820;
					};
					607FACE41AFB9204008FA782 = {
						CreatedOnToolsVersion = 6.3.1;
						DevelopmentTeam = Z4J75M6GAC;
						LastSwiftMigration = 0820;
						TestTargetID = 607FACCF1AFB9204008FA782;
					};
				};
			};
			buildConfigurationList = 607FACCB1AFB9204008FA782 /* Build configuration list for PBXProject "Reactant" */;
			compatibilityVersion = "Xcode 3.2";
			developmentRegion = English;
			hasScannedForEncodings = 0;
			knownRegions = (
				en,
				Base,
			);
			mainGroup = 607FACC71AFB9204008FA782;
			productRefGroup = 607FACD11AFB9204008FA782 /* Products */;
			projectDirPath = "";
			projectRoot = "";
			targets = (
				607FACCF1AFB9204008FA782 /* Reactant_Example */,
				607FACE41AFB9204008FA782 /* Reactant_Tests */,
			);
		};
/* End PBXProject section */

/* Begin PBXResourcesBuildPhase section */
		607FACCE1AFB9204008FA782 /* Resources */ = {
			isa = PBXResourcesBuildPhase;
			buildActionMask = 2147483647;
			files = (
				18DD43201EC9C3CF005C04B6 /* LaunchScreen.xib in Resources */,
				18DD43211EC9C3CF005C04B6 /* Images.xcassets in Resources */,
				18DD43221EC9C3CF005C04B6 /* Info.plist in Resources */,
			);
			runOnlyForDeploymentPostprocessing = 0;
		};
		607FACE31AFB9204008FA782 /* Resources */ = {
			isa = PBXResourcesBuildPhase;
			buildActionMask = 2147483647;
			files = (
			);
			runOnlyForDeploymentPostprocessing = 0;
		};
/* End PBXResourcesBuildPhase section */

/* Begin PBXShellScriptBuildPhase section */
		0437580FCA298C443E701C8F /* [CP] Check Pods Manifest.lock */ = {
			isa = PBXShellScriptBuildPhase;
			buildActionMask = 2147483647;
			files = (
			);
			inputPaths = (
			);
			name = "[CP] Check Pods Manifest.lock";
			outputPaths = (
			);
			runOnlyForDeploymentPostprocessing = 0;
			shellPath = /bin/sh;
			shellScript = "diff \"${PODS_PODFILE_DIR_PATH}/Podfile.lock\" \"${PODS_ROOT}/Manifest.lock\" > /dev/null\nif [ $? != 0 ] ; then\n    # print error to STDERR\n    echo \"error: The sandbox is not in sync with the Podfile.lock. Run 'pod install' or update your CocoaPods installation.\" >&2\n    exit 1\nfi\n";
			showEnvVarsInLog = 0;
		};
		08D85AA214B84E05762B2A80 /* [CP] Copy Pods Resources */ = {
			isa = PBXShellScriptBuildPhase;
			buildActionMask = 2147483647;
			files = (
			);
			inputPaths = (
			);
			name = "[CP] Copy Pods Resources";
			outputPaths = (
			);
			runOnlyForDeploymentPostprocessing = 0;
			shellPath = /bin/sh;
			shellScript = "\"${SRCROOT}/Pods/Target Support Files/Pods-Reactant_Tests/Pods-Reactant_Tests-resources.sh\"\n";
			showEnvVarsInLog = 0;
		};
		33A617B0AB2B0F4FDB0288F9 /* [CP] Embed Pods Frameworks */ = {
			isa = PBXShellScriptBuildPhase;
			buildActionMask = 2147483647;
			files = (
			);
			inputPaths = (
			);
			name = "[CP] Embed Pods Frameworks";
			outputPaths = (
			);
			runOnlyForDeploymentPostprocessing = 0;
			shellPath = /bin/sh;
			shellScript = "\"${SRCROOT}/Pods/Target Support Files/Pods-Reactant_Example/Pods-Reactant_Example-frameworks.sh\"\n";
			showEnvVarsInLog = 0;
		};
		578F04EA2651D3A6154B4BD7 /* [CP] Embed Pods Frameworks */ = {
			isa = PBXShellScriptBuildPhase;
			buildActionMask = 2147483647;
			files = (
			);
			inputPaths = (
			);
			name = "[CP] Embed Pods Frameworks";
			outputPaths = (
			);
			runOnlyForDeploymentPostprocessing = 0;
			shellPath = /bin/sh;
			shellScript = "\"${SRCROOT}/Pods/Target Support Files/Pods-Reactant_Tests/Pods-Reactant_Tests-frameworks.sh\"\n";
			showEnvVarsInLog = 0;
		};
		5EC10B7B0D5A41D83E320270 /* [CP] Copy Pods Resources */ = {
			isa = PBXShellScriptBuildPhase;
			buildActionMask = 2147483647;
			files = (
			);
			inputPaths = (
			);
			name = "[CP] Copy Pods Resources";
			outputPaths = (
			);
			runOnlyForDeploymentPostprocessing = 0;
			shellPath = /bin/sh;
			shellScript = "\"${SRCROOT}/Pods/Target Support Files/Pods-Reactant_Example/Pods-Reactant_Example-resources.sh\"\n";
			showEnvVarsInLog = 0;
		};
		94C5A73E964A6C093772C7AA /* [CP] Check Pods Manifest.lock */ = {
			isa = PBXShellScriptBuildPhase;
			buildActionMask = 2147483647;
			files = (
			);
			inputPaths = (
			);
			name = "[CP] Check Pods Manifest.lock";
			outputPaths = (
			);
			runOnlyForDeploymentPostprocessing = 0;
			shellPath = /bin/sh;
			shellScript = "diff \"${PODS_PODFILE_DIR_PATH}/Podfile.lock\" \"${PODS_ROOT}/Manifest.lock\" > /dev/null\nif [ $? != 0 ] ; then\n    # print error to STDERR\n    echo \"error: The sandbox is not in sync with the Podfile.lock. Run 'pod install' or update your CocoaPods installation.\" >&2\n    exit 1\nfi\n";
			showEnvVarsInLog = 0;
		};
/* End PBXShellScriptBuildPhase section */

/* Begin PBXSourcesBuildPhase section */
		607FACCC1AFB9204008FA782 /* Sources */ = {
			isa = PBXSourcesBuildPhase;
			buildActionMask = 2147483647;
			files = (
				18DD432B1EC9C3CF005C04B6 /* NameService.swift in Sources */,
				18DD43231EC9C3CF005C04B6 /* AppDelegate.swift in Sources */,
				18DD43291EC9C3CF005C04B6 /* TableViewController.swift in Sources */,
				18DD43261EC9C3CF005C04B6 /* MainRootView.swift in Sources */,
				18DD43241EC9C3CF005C04B6 /* AppModule.swift in Sources */,
				18DD432C1EC9C3CF005C04B6 /* MainWireframe.swift in Sources */,
				18DD43281EC9C3CF005C04B6 /* TableRootView.swift in Sources */,
				18DD43251EC9C3CF005C04B6 /* LabelView.swift in Sources */,
				18DD432A1EC9C3CF005C04B6 /* DependencyModule.swift in Sources */,
				18DD43271EC9C3CF005C04B6 /* MainViewController.swift in Sources */,
			);
			runOnlyForDeploymentPostprocessing = 0;
		};
		607FACE11AFB9204008FA782 /* Sources */ = {
			isa = PBXSourcesBuildPhase;
			buildActionMask = 2147483647;
			files = (
				607FACEC1AFB9204008FA782 /* Tests.swift in Sources */,
			);
			runOnlyForDeploymentPostprocessing = 0;
		};
/* End PBXSourcesBuildPhase section */

/* Begin PBXTargetDependency section */
		607FACE71AFB9204008FA782 /* PBXTargetDependency */ = {
			isa = PBXTargetDependency;
			target = 607FACCF1AFB9204008FA782 /* Reactant_Example */;
			targetProxy = 607FACE61AFB9204008FA782 /* PBXContainerItemProxy */;
		};
/* End PBXTargetDependency section */

/* Begin PBXVariantGroup section */
		18DD430C1EC9C3CF005C04B6 /* LaunchScreen.xib */ = {
			isa = PBXVariantGroup;
			children = (
				18DD430D1EC9C3CF005C04B6 /* Base */,
			);
			name = LaunchScreen.xib;
			sourceTree = "<group>";
		};
/* End PBXVariantGroup section */

/* Begin XCBuildConfiguration section */
		607FACED1AFB9204008FA782 /* Debug */ = {
			isa = XCBuildConfiguration;
			buildSettings = {
				ALWAYS_SEARCH_USER_PATHS = NO;
				CLANG_CXX_LANGUAGE_STANDARD = "gnu++0x";
				CLANG_CXX_LIBRARY = "libc++";
				CLANG_ENABLE_MODULES = YES;
				CLANG_ENABLE_OBJC_ARC = YES;
				CLANG_WARN_BOOL_CONVERSION = YES;
				CLANG_WARN_CONSTANT_CONVERSION = YES;
				CLANG_WARN_DIRECT_OBJC_ISA_USAGE = YES_ERROR;
				CLANG_WARN_EMPTY_BODY = YES;
				CLANG_WARN_ENUM_CONVERSION = YES;
				CLANG_WARN_INFINITE_RECURSION = YES;
				CLANG_WARN_INT_CONVERSION = YES;
				CLANG_WARN_OBJC_ROOT_CLASS = YES_ERROR;
				CLANG_WARN_SUSPICIOUS_MOVE = YES;
				CLANG_WARN_UNREACHABLE_CODE = YES;
				CLANG_WARN__DUPLICATE_METHOD_MATCH = YES;
				"CODE_SIGN_IDENTITY[sdk=iphoneos*]" = "iPhone Developer";
				COPY_PHASE_STRIP = NO;
				DEBUG_INFORMATION_FORMAT = "dwarf-with-dsym";
				ENABLE_STRICT_OBJC_MSGSEND = YES;
				ENABLE_TESTABILITY = YES;
				GCC_C_LANGUAGE_STANDARD = gnu99;
				GCC_DYNAMIC_NO_PIC = NO;
				GCC_NO_COMMON_BLOCKS = YES;
				GCC_OPTIMIZATION_LEVEL = 0;
				GCC_PREPROCESSOR_DEFINITIONS = (
					"DEBUG=1",
					"$(inherited)",
				);
				GCC_SYMBOLS_PRIVATE_EXTERN = NO;
				GCC_WARN_64_TO_32_BIT_CONVERSION = YES;
				GCC_WARN_ABOUT_RETURN_TYPE = YES_ERROR;
				GCC_WARN_UNDECLARED_SELECTOR = YES;
				GCC_WARN_UNINITIALIZED_AUTOS = YES_AGGRESSIVE;
				GCC_WARN_UNUSED_FUNCTION = YES;
				GCC_WARN_UNUSED_VARIABLE = YES;
				IPHONEOS_DEPLOYMENT_TARGET = 9.0;
				MTL_ENABLE_DEBUG_INFO = YES;
				ONLY_ACTIVE_ARCH = YES;
				SDKROOT = iphoneos;
				SWIFT_OPTIMIZATION_LEVEL = "-Onone";
			};
			name = Debug;
		};
		607FACEE1AFB9204008FA782 /* Release */ = {
			isa = XCBuildConfiguration;
			buildSettings = {
				ALWAYS_SEARCH_USER_PATHS = NO;
				CLANG_CXX_LANGUAGE_STANDARD = "gnu++0x";
				CLANG_CXX_LIBRARY = "libc++";
				CLANG_ENABLE_MODULES = YES;
				CLANG_ENABLE_OBJC_ARC = YES;
				CLANG_WARN_BOOL_CONVERSION = YES;
				CLANG_WARN_CONSTANT_CONVERSION = YES;
				CLANG_WARN_DIRECT_OBJC_ISA_USAGE = YES_ERROR;
				CLANG_WARN_EMPTY_BODY = YES;
				CLANG_WARN_ENUM_CONVERSION = YES;
				CLANG_WARN_INFINITE_RECURSION = YES;
				CLANG_WARN_INT_CONVERSION = YES;
				CLANG_WARN_OBJC_ROOT_CLASS = YES_ERROR;
				CLANG_WARN_SUSPICIOUS_MOVE = YES;
				CLANG_WARN_UNREACHABLE_CODE = YES;
				CLANG_WARN__DUPLICATE_METHOD_MATCH = YES;
				"CODE_SIGN_IDENTITY[sdk=iphoneos*]" = "iPhone Developer";
				COPY_PHASE_STRIP = NO;
				DEBUG_INFORMATION_FORMAT = "dwarf-with-dsym";
				ENABLE_NS_ASSERTIONS = NO;
				ENABLE_STRICT_OBJC_MSGSEND = YES;
				GCC_C_LANGUAGE_STANDARD = gnu99;
				GCC_NO_COMMON_BLOCKS = YES;
				GCC_WARN_64_TO_32_BIT_CONVERSION = YES;
				GCC_WARN_ABOUT_RETURN_TYPE = YES_ERROR;
				GCC_WARN_UNDECLARED_SELECTOR = YES;
				GCC_WARN_UNINITIALIZED_AUTOS = YES_AGGRESSIVE;
				GCC_WARN_UNUSED_FUNCTION = YES;
				GCC_WARN_UNUSED_VARIABLE = YES;
				IPHONEOS_DEPLOYMENT_TARGET = 9.0;
				MTL_ENABLE_DEBUG_INFO = NO;
				SDKROOT = iphoneos;
				SWIFT_OPTIMIZATION_LEVEL = "-Owholemodule";
				VALIDATE_PRODUCT = YES;
			};
			name = Release;
		};
		607FACF01AFB9204008FA782 /* Debug */ = {
			isa = XCBuildConfiguration;
			baseConfigurationReference = 542FF02ED552BBD9CB7D7B2E /* Pods-Reactant_Example.debug.xcconfig */;
			buildSettings = {
				ASSETCATALOG_COMPILER_APPICON_NAME = AppIcon;
				DEVELOPMENT_TEAM = Z4J75M6GAC;
				INFOPLIST_FILE = "$(SRCROOT)/Application/Resources/Info.plist";
				LD_RUNPATH_SEARCH_PATHS = "$(inherited) @executable_path/Frameworks";
				MODULE_NAME = ExampleApp;
				PRODUCT_BUNDLE_IDENTIFIER = "org.brightify.reactant-example";
				PRODUCT_NAME = "$(TARGET_NAME)";
				SWIFT_VERSION = 3.0;
			};
			name = Debug;
		};
		607FACF11AFB9204008FA782 /* Release */ = {
			isa = XCBuildConfiguration;
			baseConfigurationReference = CD92C21E63927F66210F4ABD /* Pods-Reactant_Example.release.xcconfig */;
			buildSettings = {
				ASSETCATALOG_COMPILER_APPICON_NAME = AppIcon;
				DEVELOPMENT_TEAM = Z4J75M6GAC;
				INFOPLIST_FILE = "$(SRCROOT)/Application/Resources/Info.plist";
				LD_RUNPATH_SEARCH_PATHS = "$(inherited) @executable_path/Frameworks";
				MODULE_NAME = ExampleApp;
				PRODUCT_BUNDLE_IDENTIFIER = "org.brightify.reactant-example";
				PRODUCT_NAME = "$(TARGET_NAME)";
				SWIFT_VERSION = 3.0;
			};
			name = Release;
		};
		607FACF31AFB9204008FA782 /* Debug */ = {
			isa = XCBuildConfiguration;
			baseConfigurationReference = 0F053E1FE7E1621ED16B140B /* Pods-Reactant_Tests.debug.xcconfig */;
			buildSettings = {
				ALWAYS_EMBED_SWIFT_STANDARD_LIBRARIES = YES;
				DEVELOPMENT_TEAM = Z4J75M6GAC;
				FRAMEWORK_SEARCH_PATHS = (
					"$(SDKROOT)/Developer/Library/Frameworks",
					"$(inherited)",
				);
				GCC_PREPROCESSOR_DEFINITIONS = (
					"DEBUG=1",
					"$(inherited)",
				);
				INFOPLIST_FILE = "Tests/Supporting Files/Info.plist";
				LD_RUNPATH_SEARCH_PATHS = "$(inherited) @executable_path/Frameworks @loader_path/Frameworks";
				PRODUCT_BUNDLE_IDENTIFIER = "org.cocoapods.$(PRODUCT_NAME:rfc1034identifier)";
				PRODUCT_NAME = "$(TARGET_NAME)";
				SWIFT_VERSION = 3.0;
			};
			name = Debug;
		};
		607FACF41AFB9204008FA782 /* Release */ = {
			isa = XCBuildConfiguration;
			baseConfigurationReference = 73CEEC6037FE9D03BFABCC4C /* Pods-Reactant_Tests.release.xcconfig */;
			buildSettings = {
				ALWAYS_EMBED_SWIFT_STANDARD_LIBRARIES = YES;
				DEVELOPMENT_TEAM = Z4J75M6GAC;
				FRAMEWORK_SEARCH_PATHS = (
					"$(SDKROOT)/Developer/Library/Frameworks",
					"$(inherited)",
				);
				INFOPLIST_FILE = "Tests/Supporting Files/Info.plist";
				LD_RUNPATH_SEARCH_PATHS = "$(inherited) @executable_path/Frameworks @loader_path/Frameworks";
				PRODUCT_BUNDLE_IDENTIFIER = "org.cocoapods.$(PRODUCT_NAME:rfc1034identifier)";
				PRODUCT_NAME = "$(TARGET_NAME)";
				SWIFT_VERSION = 3.0;
			};
			name = Release;
		};
/* End XCBuildConfiguration section */

/* Begin XCConfigurationList section */
		607FACCB1AFB9204008FA782 /* Build configuration list for PBXProject "Reactant" */ = {
			isa = XCConfigurationList;
			buildConfigurations = (
				607FACED1AFB9204008FA782 /* Debug */,
				607FACEE1AFB9204008FA782 /* Release */,
			);
			defaultConfigurationIsVisible = 0;
			defaultConfigurationName = Release;
		};
		607FACEF1AFB9204008FA782 /* Build configuration list for PBXNativeTarget "Reactant_Example" */ = {
			isa = XCConfigurationList;
			buildConfigurations = (
				607FACF01AFB9204008FA782 /* Debug */,
				607FACF11AFB9204008FA782 /* Release */,
			);
			defaultConfigurationIsVisible = 0;
			defaultConfigurationName = Release;
		};
		607FACF21AFB9204008FA782 /* Build configuration list for PBXNativeTarget "Reactant_Tests" */ = {
			isa = XCConfigurationList;
			buildConfigurations = (
				607FACF31AFB9204008FA782 /* Debug */,
				607FACF41AFB9204008FA782 /* Release */,
			);
			defaultConfigurationIsVisible = 0;
			defaultConfigurationName = Release;
		};
/* End XCConfigurationList section */
	};
	rootObject = 607FACC81AFB9204008FA782 /* Project object */;
}
